// !$*UTF8*$!
{
	archiveVersion = 1;
	classes = {
	};
	objectVersion = 46;
	objects = {

/* Begin PBXBuildFile section */
		83F1B4C404CD40FCA34BE16B /* libPods.a in Frameworks */ = {isa = PBXBuildFile; fileRef = E53438EA997D429DB74AAB2F /* libPods.a */; };
		F790224318CF3AE900FB366D /* coctail-25.png in Resources */ = {isa = PBXBuildFile; fileRef = F790224018CF3AE900FB366D /* coctail-25.png */; };
		F790224918CF3B9800FB366D /* administrator-25.png in Resources */ = {isa = PBXBuildFile; fileRef = F790224618CF3B9800FB366D /* administrator-25.png */; };
		F790224A18CF3B9800FB366D /* sleeping_room-25.png in Resources */ = {isa = PBXBuildFile; fileRef = F790224718CF3B9800FB366D /* sleeping_room-25.png */; };
		F790224B18CF3B9800FB366D /* topic-25.png in Resources */ = {isa = PBXBuildFile; fileRef = F790224818CF3B9800FB366D /* topic-25.png */; };
		F7D9156618CDC131004FAD41 /* Foundation.framework in Frameworks */ = {isa = PBXBuildFile; fileRef = F7D9156518CDC131004FAD41 /* Foundation.framework */; };
		F7D9156818CDC131004FAD41 /* CoreGraphics.framework in Frameworks */ = {isa = PBXBuildFile; fileRef = F7D9156718CDC131004FAD41 /* CoreGraphics.framework */; };
		F7D9156A18CDC131004FAD41 /* UIKit.framework in Frameworks */ = {isa = PBXBuildFile; fileRef = F7D9156918CDC131004FAD41 /* UIKit.framework */; };
		F7D9157018CDC131004FAD41 /* InfoPlist.strings in Resources */ = {isa = PBXBuildFile; fileRef = F7D9156E18CDC131004FAD41 /* InfoPlist.strings */; };
		F7D9157218CDC131004FAD41 /* main.m in Sources */ = {isa = PBXBuildFile; fileRef = F7D9157118CDC131004FAD41 /* main.m */; };
		F7D9157618CDC131004FAD41 /* MZAppDelegate.m in Sources */ = {isa = PBXBuildFile; fileRef = F7D9157518CDC131004FAD41 /* MZAppDelegate.m */; };
		F7D9157818CDC131004FAD41 /* Images.xcassets in Resources */ = {isa = PBXBuildFile; fileRef = F7D9157718CDC131004FAD41 /* Images.xcassets */; };
		F7D9157F18CDC131004FAD41 /* XCTest.framework in Frameworks */ = {isa = PBXBuildFile; fileRef = F7D9157E18CDC131004FAD41 /* XCTest.framework */; };
		F7D9158018CDC131004FAD41 /* Foundation.framework in Frameworks */ = {isa = PBXBuildFile; fileRef = F7D9156518CDC131004FAD41 /* Foundation.framework */; };
		F7D9158118CDC131004FAD41 /* UIKit.framework in Frameworks */ = {isa = PBXBuildFile; fileRef = F7D9156918CDC131004FAD41 /* UIKit.framework */; };
		F7D9158918CDC131004FAD41 /* InfoPlist.strings in Resources */ = {isa = PBXBuildFile; fileRef = F7D9158718CDC131004FAD41 /* InfoPlist.strings */; };
		F7D9158B18CDC131004FAD41 /* ourcarTests.m in Sources */ = {isa = PBXBuildFile; fileRef = F7D9158A18CDC131004FAD41 /* ourcarTests.m */; };
		F7D9159818CDC5DB004FAD41 /* MZBaseNavigationController.m in Sources */ = {isa = PBXBuildFile; fileRef = F7D9159718CDC5DB004FAD41 /* MZBaseNavigationController.m */; };
		F7D9159B18CDC610004FAD41 /* MZBaseViewController.m in Sources */ = {isa = PBXBuildFile; fileRef = F7D9159A18CDC610004FAD41 /* MZBaseViewController.m */; };
		F7D9159E18CDC658004FAD41 /* MZLeftViewController.m in Sources */ = {isa = PBXBuildFile; fileRef = F7D9159D18CDC658004FAD41 /* MZLeftViewController.m */; };
		F7D915A118CDC664004FAD41 /* MZRightViewController.m in Sources */ = {isa = PBXBuildFile; fileRef = F7D915A018CDC664004FAD41 /* MZRightViewController.m */; };
		F7D915A418CDC66F004FAD41 /* MZCenterViewController.m in Sources */ = {isa = PBXBuildFile; fileRef = F7D915A318CDC66F004FAD41 /* MZCenterViewController.m */; };
/* End PBXBuildFile section */

/* Begin PBXContainerItemProxy section */
		F7D9158218CDC131004FAD41 /* PBXContainerItemProxy */ = {
			isa = PBXContainerItemProxy;
			containerPortal = F7D9155A18CDC131004FAD41 /* Project object */;
			proxyType = 1;
			remoteGlobalIDString = F7D9156118CDC131004FAD41;
			remoteInfo = ourcar;
		};
/* End PBXContainerItemProxy section */

/* Begin PBXFileReference section */
		7F95FB49744C4F21981A0F2E /* Pods.xcconfig */ = {isa = PBXFileReference; includeInIndex = 1; lastKnownFileType = text.xcconfig; name = Pods.xcconfig; path = ../Pods/Pods.xcconfig; sourceTree = "<group>"; };
		E53438EA997D429DB74AAB2F /* libPods.a */ = {isa = PBXFileReference; explicitFileType = archive.ar; includeInIndex = 0; path = libPods.a; sourceTree = BUILT_PRODUCTS_DIR; };
		F7660F3618CEDDC700403A75 /* settings.h */ = {isa = PBXFileReference; lastKnownFileType = sourcecode.c.h; path = settings.h; sourceTree = "<group>"; };
		F790224018CF3AE900FB366D /* coctail-25.png */ = {isa = PBXFileReference; lastKnownFileType = image.png; name = "coctail-25.png"; path = "Image/coctail-25.png"; sourceTree = "<group>"; };
		F790224618CF3B9800FB366D /* administrator-25.png */ = {isa = PBXFileReference; lastKnownFileType = image.png; name = "administrator-25.png"; path = "Image/administrator-25.png"; sourceTree = "<group>"; };
		F790224718CF3B9800FB366D /* sleeping_room-25.png */ = {isa = PBXFileReference; lastKnownFileType = image.png; name = "sleeping_room-25.png"; path = "Image/sleeping_room-25.png"; sourceTree = "<group>"; };
		F790224818CF3B9800FB366D /* topic-25.png */ = {isa = PBXFileReference; lastKnownFileType = image.png; name = "topic-25.png"; path = "Image/topic-25.png"; sourceTree = "<group>"; };
		F7D9156218CDC131004FAD41 /* ourcar.app */ = {isa = PBXFileReference; explicitFileType = wrapper.application; includeInIndex = 0; path = ourcar.app; sourceTree = BUILT_PRODUCTS_DIR; };
		F7D9156518CDC131004FAD41 /* Foundation.framework */ = {isa = PBXFileReference; lastKnownFileType = wrapper.framework; name = Foundation.framework; path = System/Library/Frameworks/Foundation.framework; sourceTree = SDKROOT; };
		F7D9156718CDC131004FAD41 /* CoreGraphics.framework */ = {isa = PBXFileReference; lastKnownFileType = wrapper.framework; name = CoreGraphics.framework; path = System/Library/Frameworks/CoreGraphics.framework; sourceTree = SDKROOT; };
		F7D9156918CDC131004FAD41 /* UIKit.framework */ = {isa = PBXFileReference; lastKnownFileType = wrapper.framework; name = UIKit.framework; path = System/Library/Frameworks/UIKit.framework; sourceTree = SDKROOT; };
		F7D9156D18CDC131004FAD41 /* ourcar-Info.plist */ = {isa = PBXFileReference; lastKnownFileType = text.plist.xml; path = "ourcar-Info.plist"; sourceTree = "<group>"; };
		F7D9156F18CDC131004FAD41 /* en */ = {isa = PBXFileReference; lastKnownFileType = text.plist.strings; name = en; path = en.lproj/InfoPlist.strings; sourceTree = "<group>"; };
		F7D9157118CDC131004FAD41 /* main.m */ = {isa = PBXFileReference; lastKnownFileType = sourcecode.c.objc; path = main.m; sourceTree = "<group>"; };
		F7D9157318CDC131004FAD41 /* ourcar-Prefix.pch */ = {isa = PBXFileReference; lastKnownFileType = sourcecode.c.h; path = "ourcar-Prefix.pch"; sourceTree = "<group>"; };
		F7D9157418CDC131004FAD41 /* MZAppDelegate.h */ = {isa = PBXFileReference; lastKnownFileType = sourcecode.c.h; path = MZAppDelegate.h; sourceTree = "<group>"; };
		F7D9157518CDC131004FAD41 /* MZAppDelegate.m */ = {isa = PBXFileReference; lastKnownFileType = sourcecode.c.objc; path = MZAppDelegate.m; sourceTree = "<group>"; };
		F7D9157718CDC131004FAD41 /* Images.xcassets */ = {isa = PBXFileReference; lastKnownFileType = folder.assetcatalog; path = Images.xcassets; sourceTree = "<group>"; };
		F7D9157D18CDC131004FAD41 /* ourcarTests.xctest */ = {isa = PBXFileReference; explicitFileType = wrapper.cfbundle; includeInIndex = 0; path = ourcarTests.xctest; sourceTree = BUILT_PRODUCTS_DIR; };
		F7D9157E18CDC131004FAD41 /* XCTest.framework */ = {isa = PBXFileReference; lastKnownFileType = wrapper.framework; name = XCTest.framework; path = Library/Frameworks/XCTest.framework; sourceTree = DEVELOPER_DIR; };
		F7D9158618CDC131004FAD41 /* ourcarTests-Info.plist */ = {isa = PBXFileReference; lastKnownFileType = text.plist.xml; path = "ourcarTests-Info.plist"; sourceTree = "<group>"; };
		F7D9158818CDC131004FAD41 /* en */ = {isa = PBXFileReference; lastKnownFileType = text.plist.strings; name = en; path = en.lproj/InfoPlist.strings; sourceTree = "<group>"; };
		F7D9158A18CDC131004FAD41 /* ourcarTests.m */ = {isa = PBXFileReference; lastKnownFileType = sourcecode.c.objc; path = ourcarTests.m; sourceTree = "<group>"; };
		F7D9159618CDC5DB004FAD41 /* MZBaseNavigationController.h */ = {isa = PBXFileReference; fileEncoding = 4; lastKnownFileType = sourcecode.c.h; path = MZBaseNavigationController.h; sourceTree = "<group>"; };
		F7D9159718CDC5DB004FAD41 /* MZBaseNavigationController.m */ = {isa = PBXFileReference; fileEncoding = 4; lastKnownFileType = sourcecode.c.objc; path = MZBaseNavigationController.m; sourceTree = "<group>"; };
		F7D9159918CDC610004FAD41 /* MZBaseViewController.h */ = {isa = PBXFileReference; fileEncoding = 4; lastKnownFileType = sourcecode.c.h; path = MZBaseViewController.h; sourceTree = "<group>"; };
		F7D9159A18CDC610004FAD41 /* MZBaseViewController.m */ = {isa = PBXFileReference; fileEncoding = 4; lastKnownFileType = sourcecode.c.objc; path = MZBaseViewController.m; sourceTree = "<group>"; };
		F7D9159C18CDC658004FAD41 /* MZLeftViewController.h */ = {isa = PBXFileReference; fileEncoding = 4; lastKnownFileType = sourcecode.c.h; path = MZLeftViewController.h; sourceTree = "<group>"; };
		F7D9159D18CDC658004FAD41 /* MZLeftViewController.m */ = {isa = PBXFileReference; fileEncoding = 4; lastKnownFileType = sourcecode.c.objc; path = MZLeftViewController.m; sourceTree = "<group>"; };
		F7D9159F18CDC664004FAD41 /* MZRightViewController.h */ = {isa = PBXFileReference; fileEncoding = 4; lastKnownFileType = sourcecode.c.h; path = MZRightViewController.h; sourceTree = "<group>"; };
		F7D915A018CDC664004FAD41 /* MZRightViewController.m */ = {isa = PBXFileReference; fileEncoding = 4; lastKnownFileType = sourcecode.c.objc; path = MZRightViewController.m; sourceTree = "<group>"; };
		F7D915A218CDC66F004FAD41 /* MZCenterViewController.h */ = {isa = PBXFileReference; fileEncoding = 4; lastKnownFileType = sourcecode.c.h; path = MZCenterViewController.h; sourceTree = "<group>"; };
		F7D915A318CDC66F004FAD41 /* MZCenterViewController.m */ = {isa = PBXFileReference; fileEncoding = 4; lastKnownFileType = sourcecode.c.objc; path = MZCenterViewController.m; sourceTree = "<group>"; };
/* End PBXFileReference section */

/* Begin PBXFrameworksBuildPhase section */
		F7D9155F18CDC131004FAD41 /* Frameworks */ = {
			isa = PBXFrameworksBuildPhase;
			buildActionMask = 2147483647;
			files = (
				F7D9156818CDC131004FAD41 /* CoreGraphics.framework in Frameworks */,
				F7D9156A18CDC131004FAD41 /* UIKit.framework in Frameworks */,
				F7D9156618CDC131004FAD41 /* Foundation.framework in Frameworks */,
				83F1B4C404CD40FCA34BE16B /* libPods.a in Frameworks */,
			);
			runOnlyForDeploymentPostprocessing = 0;
		};
		F7D9157A18CDC131004FAD41 /* Frameworks */ = {
			isa = PBXFrameworksBuildPhase;
			buildActionMask = 2147483647;
			files = (
				F7D9157F18CDC131004FAD41 /* XCTest.framework in Frameworks */,
				F7D9158118CDC131004FAD41 /* UIKit.framework in Frameworks */,
				F7D9158018CDC131004FAD41 /* Foundation.framework in Frameworks */,
			);
			runOnlyForDeploymentPostprocessing = 0;
		};
/* End PBXFrameworksBuildPhase section */

/* Begin PBXGroup section */
		F7660F3518CEDDAC00403A75 /* Configuration */ = {
			isa = PBXGroup;
			children = (
				F7660F3618CEDDC700403A75 /* settings.h */,
			);
			name = Configuration;
			sourceTree = "<group>";
		};
		F790223718CF359A00FB366D /* Image */ = {
			isa = PBXGroup;
			children = (
				F790224618CF3B9800FB366D /* administrator-25.png */,
				F790224718CF3B9800FB366D /* sleeping_room-25.png */,
				F790224818CF3B9800FB366D /* topic-25.png */,
				F790224018CF3AE900FB366D /* coctail-25.png */,
			);
			name = Image;
			sourceTree = "<group>";
		};
		F7D9155918CDC131004FAD41 = {
			isa = PBXGroup;
			children = (
				F7D9156B18CDC131004FAD41 /* ourcar */,
				F7D9158418CDC131004FAD41 /* ourcarTests */,
				F7D9156418CDC131004FAD41 /* Frameworks */,
				F7D9156318CDC131004FAD41 /* Products */,
				7F95FB49744C4F21981A0F2E /* Pods.xcconfig */,
			);
			sourceTree = "<group>";
		};
		F7D9156318CDC131004FAD41 /* Products */ = {
			isa = PBXGroup;
			children = (
				F7D9156218CDC131004FAD41 /* ourcar.app */,
				F7D9157D18CDC131004FAD41 /* ourcarTests.xctest */,
			);
			name = Products;
			sourceTree = "<group>";
		};
		F7D9156418CDC131004FAD41 /* Frameworks */ = {
			isa = PBXGroup;
			children = (
				F7D9156518CDC131004FAD41 /* Foundation.framework */,
				F7D9156718CDC131004FAD41 /* CoreGraphics.framework */,
				F7D9156918CDC131004FAD41 /* UIKit.framework */,
				F7D9157E18CDC131004FAD41 /* XCTest.framework */,
				E53438EA997D429DB74AAB2F /* libPods.a */,
			);
			name = Frameworks;
			sourceTree = "<group>";
		};
		F7D9156B18CDC131004FAD41 /* ourcar */ = {
			isa = PBXGroup;
			children = (
				F790223718CF359A00FB366D /* Image */,
				F7660F3518CEDDAC00403A75 /* Configuration */,
				F7D9159518CDC1AF004FAD41 /* ViewController */,
				F7D9159418CDC1A6004FAD41 /* Framework */,
				F7D9157418CDC131004FAD41 /* MZAppDelegate.h */,
				F7D9157518CDC131004FAD41 /* MZAppDelegate.m */,
				F7D9157718CDC131004FAD41 /* Images.xcassets */,
				F7D9156C18CDC131004FAD41 /* Supporting Files */,
			);
			path = ourcar;
			sourceTree = "<group>";
		};
		F7D9156C18CDC131004FAD41 /* Supporting Files */ = {
			isa = PBXGroup;
			children = (
				F7D9156D18CDC131004FAD41 /* ourcar-Info.plist */,
				F7D9156E18CDC131004FAD41 /* InfoPlist.strings */,
				F7D9157118CDC131004FAD41 /* main.m */,
				F7D9157318CDC131004FAD41 /* ourcar-Prefix.pch */,
			);
			name = "Supporting Files";
			sourceTree = "<group>";
		};
		F7D9158418CDC131004FAD41 /* ourcarTests */ = {
			isa = PBXGroup;
			children = (
				F7D9158A18CDC131004FAD41 /* ourcarTests.m */,
				F7D9158518CDC131004FAD41 /* Supporting Files */,
			);
			path = ourcarTests;
			sourceTree = "<group>";
		};
		F7D9158518CDC131004FAD41 /* Supporting Files */ = {
			isa = PBXGroup;
			children = (
				F7D9158618CDC131004FAD41 /* ourcarTests-Info.plist */,
				F7D9158718CDC131004FAD41 /* InfoPlist.strings */,
			);
			name = "Supporting Files";
			sourceTree = "<group>";
		};
		F7D9159418CDC1A6004FAD41 /* Framework */ = {
			isa = PBXGroup;
			children = (
				F7D9159618CDC5DB004FAD41 /* MZBaseNavigationController.h */,
				F7D9159718CDC5DB004FAD41 /* MZBaseNavigationController.m */,
				F7D9159918CDC610004FAD41 /* MZBaseViewController.h */,
				F7D9159A18CDC610004FAD41 /* MZBaseViewController.m */,
			);
			name = Framework;
			sourceTree = "<group>";
		};
		F7D9159518CDC1AF004FAD41 /* ViewController */ = {
			isa = PBXGroup;
			children = (
				F7D9159C18CDC658004FAD41 /* MZLeftViewController.h */,
				F7D9159D18CDC658004FAD41 /* MZLeftViewController.m */,
				F7D9159F18CDC664004FAD41 /* MZRightViewController.h */,
				F7D915A018CDC664004FAD41 /* MZRightViewController.m */,
				F7D915A218CDC66F004FAD41 /* MZCenterViewController.h */,
				F7D915A318CDC66F004FAD41 /* MZCenterViewController.m */,
			);
			name = ViewController;
			sourceTree = "<group>";
		};
/* End PBXGroup section */

/* Begin PBXNativeTarget section */
		F7D9156118CDC131004FAD41 /* ourcar */ = {
			isa = PBXNativeTarget;
			buildConfigurationList = F7D9158E18CDC131004FAD41 /* Build configuration list for PBXNativeTarget "ourcar" */;
			buildPhases = (
				37682DFFFB2D4DC994A352D0 /* Check Pods Manifest.lock */,
				F7D9155E18CDC131004FAD41 /* Sources */,
				F7D9155F18CDC131004FAD41 /* Frameworks */,
				F7D9156018CDC131004FAD41 /* Resources */,
				0200CDC13CE84640AEABBAC0 /* Copy Pods Resources */,
			);
			buildRules = (
			);
			dependencies = (
			);
			name = ourcar;
			productName = ourcar;
			productReference = F7D9156218CDC131004FAD41 /* ourcar.app */;
			productType = "com.apple.product-type.application";
		};
		F7D9157C18CDC131004FAD41 /* ourcarTests */ = {
			isa = PBXNativeTarget;
			buildConfigurationList = F7D9159118CDC131004FAD41 /* Build configuration list for PBXNativeTarget "ourcarTests" */;
			buildPhases = (
				F7D9157918CDC131004FAD41 /* Sources */,
				F7D9157A18CDC131004FAD41 /* Frameworks */,
				F7D9157B18CDC131004FAD41 /* Resources */,
			);
			buildRules = (
			);
			dependencies = (
				F7D9158318CDC131004FAD41 /* PBXTargetDependency */,
			);
			name = ourcarTests;
			productName = ourcarTests;
			productReference = F7D9157D18CDC131004FAD41 /* ourcarTests.xctest */;
			productType = "com.apple.product-type.bundle.unit-test";
		};
/* End PBXNativeTarget section */

/* Begin PBXProject section */
		F7D9155A18CDC131004FAD41 /* Project object */ = {
			isa = PBXProject;
			attributes = {
				CLASSPREFIX = MZ;
				LastUpgradeCheck = 0500;
				ORGANIZATIONNAME = MZ;
				TargetAttributes = {
					F7D9157C18CDC131004FAD41 = {
						TestTargetID = F7D9156118CDC131004FAD41;
					};
				};
			};
			buildConfigurationList = F7D9155D18CDC131004FAD41 /* Build configuration list for PBXProject "ourcar" */;
			compatibilityVersion = "Xcode 3.2";
			developmentRegion = English;
			hasScannedForEncodings = 0;
			knownRegions = (
				en,
			);
			mainGroup = F7D9155918CDC131004FAD41;
			productRefGroup = F7D9156318CDC131004FAD41 /* Products */;
			projectDirPath = "";
			projectRoot = "";
			targets = (
				F7D9156118CDC131004FAD41 /* ourcar */,
				F7D9157C18CDC131004FAD41 /* ourcarTests */,
			);
		};
/* End PBXProject section */

/* Begin PBXResourcesBuildPhase section */
		F7D9156018CDC131004FAD41 /* Resources */ = {
			isa = PBXResourcesBuildPhase;
			buildActionMask = 2147483647;
			files = (
				F7D9157018CDC131004FAD41 /* InfoPlist.strings in Resources */,
				F790224318CF3AE900FB366D /* coctail-25.png in Resources */,
				F790224A18CF3B9800FB366D /* sleeping_room-25.png in Resources */,
				F790224918CF3B9800FB366D /* administrator-25.png in Resources */,
				F790224B18CF3B9800FB366D /* topic-25.png in Resources */,
				F7D9157818CDC131004FAD41 /* Images.xcassets in Resources */,
			);
			runOnlyForDeploymentPostprocessing = 0;
		};
		F7D9157B18CDC131004FAD41 /* Resources */ = {
			isa = PBXResourcesBuildPhase;
			buildActionMask = 2147483647;
			files = (
				F7D9158918CDC131004FAD41 /* InfoPlist.strings in Resources */,
			);
			runOnlyForDeploymentPostprocessing = 0;
		};
/* End PBXResourcesBuildPhase section */

/* Begin PBXShellScriptBuildPhase section */
		0200CDC13CE84640AEABBAC0 /* Copy Pods Resources */ = {
			isa = PBXShellScriptBuildPhase;
			buildActionMask = 2147483647;
			files = (
			);
			inputPaths = (
			);
			name = "Copy Pods Resources";
			outputPaths = (
			);
			runOnlyForDeploymentPostprocessing = 0;
			shellPath = /bin/sh;
			shellScript = "\"${SRCROOT}/../Pods/Pods-resources.sh\"\n";
			showEnvVarsInLog = 0;
		};
		37682DFFFB2D4DC994A352D0 /* Check Pods Manifest.lock */ = {
			isa = PBXShellScriptBuildPhase;
			buildActionMask = 2147483647;
			files = (
			);
			inputPaths = (
			);
			name = "Check Pods Manifest.lock";
			outputPaths = (
			);
			runOnlyForDeploymentPostprocessing = 0;
			shellPath = /bin/sh;
			shellScript = "diff \"${PODS_ROOT}/../Podfile.lock\" \"${PODS_ROOT}/Manifest.lock\" > /dev/null\nif [[ $? != 0 ]] ; then\n    cat << EOM\nerror: The sandbox is not in sync with the Podfile.lock. Run 'pod install' or update your CocoaPods installation.\nEOM\n    exit 1\nfi\n";
			showEnvVarsInLog = 0;
		};
/* End PBXShellScriptBuildPhase section */

/* Begin PBXSourcesBuildPhase section */
		F7D9155E18CDC131004FAD41 /* Sources */ = {
			isa = PBXSourcesBuildPhase;
			buildActionMask = 2147483647;
			files = (
				F7D9159818CDC5DB004FAD41 /* MZBaseNavigationController.m in Sources */,
				F7D915A418CDC66F004FAD41 /* MZCenterViewController.m in Sources */,
				F7D9157218CDC131004FAD41 /* main.m in Sources */,
				F7D915A118CDC664004FAD41 /* MZRightViewController.m in Sources */,
				F7D9159E18CDC658004FAD41 /* MZLeftViewController.m in Sources */,
				F7D9159B18CDC610004FAD41 /* MZBaseViewController.m in Sources */,
				F7D9157618CDC131004FAD41 /* MZAppDelegate.m in Sources */,
			);
			runOnlyForDeploymentPostprocessing = 0;
		};
		F7D9157918CDC131004FAD41 /* Sources */ = {
			isa = PBXSourcesBuildPhase;
			buildActionMask = 2147483647;
			files = (
				F7D9158B18CDC131004FAD41 /* ourcarTests.m in Sources */,
			);
			runOnlyForDeploymentPostprocessing = 0;
		};
/* End PBXSourcesBuildPhase section */

/* Begin PBXTargetDependency section */
		F7D9158318CDC131004FAD41 /* PBXTargetDependency */ = {
			isa = PBXTargetDependency;
			target = F7D9156118CDC131004FAD41 /* ourcar */;
			targetProxy = F7D9158218CDC131004FAD41 /* PBXContainerItemProxy */;
		};
/* End PBXTargetDependency section */

/* Begin PBXVariantGroup section */
		F7D9156E18CDC131004FAD41 /* InfoPlist.strings */ = {
			isa = PBXVariantGroup;
			children = (
				F7D9156F18CDC131004FAD41 /* en */,
			);
			name = InfoPlist.strings;
			sourceTree = "<group>";
		};
		F7D9158718CDC131004FAD41 /* InfoPlist.strings */ = {
			isa = PBXVariantGroup;
			children = (
				F7D9158818CDC131004FAD41 /* en */,
			);
			name = InfoPlist.strings;
			sourceTree = "<group>";
		};
/* End PBXVariantGroup section */

/* Begin XCBuildConfiguration section */
		F7D9158C18CDC131004FAD41 /* Debug */ = {
			isa = XCBuildConfiguration;
			buildSettings = {
				ALWAYS_SEARCH_USER_PATHS = NO;
				ARCHS = "$(ARCHS_STANDARD_INCLUDING_64_BIT)";
				CLANG_CXX_LANGUAGE_STANDARD = "gnu++0x";
				CLANG_CXX_LIBRARY = "libc++";
				CLANG_ENABLE_MODULES = YES;
				CLANG_ENABLE_OBJC_ARC = YES;
				CLANG_WARN_BOOL_CONVERSION = YES;
				CLANG_WARN_CONSTANT_CONVERSION = YES;
				CLANG_WARN_DIRECT_OBJC_ISA_USAGE = YES_ERROR;
				CLANG_WARN_EMPTY_BODY = YES;
				CLANG_WARN_ENUM_CONVERSION = YES;
				CLANG_WARN_INT_CONVERSION = YES;
				CLANG_WARN_OBJC_ROOT_CLASS = YES_ERROR;
				CLANG_WARN__DUPLICATE_METHOD_MATCH = YES;
				"CODE_SIGN_IDENTITY[sdk=iphoneos*]" = "iPhone Developer";
				COPY_PHASE_STRIP = NO;
				GCC_C_LANGUAGE_STANDARD = gnu99;
				GCC_DYNAMIC_NO_PIC = NO;
				GCC_OPTIMIZATION_LEVEL = 0;
				GCC_PREPROCESSOR_DEFINITIONS = (
					"DEBUG=1",
					"$(inherited)",
				);
				GCC_SYMBOLS_PRIVATE_EXTERN = NO;
				GCC_WARN_64_TO_32_BIT_CONVERSION = YES;
				GCC_WARN_ABOUT_RETURN_TYPE = YES_ERROR;
				GCC_WARN_UNDECLARED_SELECTOR = YES;
				GCC_WARN_UNINITIALIZED_AUTOS = YES;
				GCC_WARN_UNUSED_FUNCTION = YES;
				GCC_WARN_UNUSED_VARIABLE = YES;
				IPHONEOS_DEPLOYMENT_TARGET = 7.0;
				ONLY_ACTIVE_ARCH = YES;
				SDKROOT = iphoneos;
			};
			name = Debug;
		};
		F7D9158D18CDC131004FAD41 /* Release */ = {
			isa = XCBuildConfiguration;
			buildSettings = {
				ALWAYS_SEARCH_USER_PATHS = NO;
				ARCHS = "$(ARCHS_STANDARD_INCLUDING_64_BIT)";
				CLANG_CXX_LANGUAGE_STANDARD = "gnu++0x";
				CLANG_CXX_LIBRARY = "libc++";
				CLANG_ENABLE_MODULES = YES;
				CLANG_ENABLE_OBJC_ARC = YES;
				CLANG_WARN_BOOL_CONVERSION = YES;
				CLANG_WARN_CONSTANT_CONVERSION = YES;
				CLANG_WARN_DIRECT_OBJC_ISA_USAGE = YES_ERROR;
				CLANG_WARN_EMPTY_BODY = YES;
				CLANG_WARN_ENUM_CONVERSION = YES;
				CLANG_WARN_INT_CONVERSION = YES;
				CLANG_WARN_OBJC_ROOT_CLASS = YES_ERROR;
				CLANG_WARN__DUPLICATE_METHOD_MATCH = YES;
				"CODE_SIGN_IDENTITY[sdk=iphoneos*]" = "iPhone Developer";
				COPY_PHASE_STRIP = YES;
				ENABLE_NS_ASSERTIONS = NO;
				GCC_C_LANGUAGE_STANDARD = gnu99;
				GCC_WARN_64_TO_32_BIT_CONVERSION = YES;
				GCC_WARN_ABOUT_RETURN_TYPE = YES_ERROR;
				GCC_WARN_UNDECLARED_SELECTOR = YES;
				GCC_WARN_UNINITIALIZED_AUTOS = YES;
				GCC_WARN_UNUSED_FUNCTION = YES;
				GCC_WARN_UNUSED_VARIABLE = YES;
				IPHONEOS_DEPLOYMENT_TARGET = 7.0;
				SDKROOT = iphoneos;
				VALIDATE_PRODUCT = YES;
			};
			name = Release;
		};
		F7D9158F18CDC131004FAD41 /* Debug */ = {
			isa = XCBuildConfiguration;
			baseConfigurationReference = 7F95FB49744C4F21981A0F2E /* Pods.xcconfig */;
			buildSettings = {
				ASSETCATALOG_COMPILER_APPICON_NAME = AppIcon;
				ASSETCATALOG_COMPILER_LAUNCHIMAGE_NAME = LaunchImage;
				GCC_PRECOMPILE_PREFIX_HEADER = YES;
				GCC_PREFIX_HEADER = "ourcar/ourcar-Prefix.pch";
				INFOPLIST_FILE = "ourcar/ourcar-Info.plist";
				PRODUCT_NAME = "$(TARGET_NAME)";
				WRAPPER_EXTENSION = app;
			};
			name = Debug;
		};
		F7D9159018CDC131004FAD41 /* Release */ = {
			isa = XCBuildConfiguration;
			baseConfigurationReference = 7F95FB49744C4F21981A0F2E /* Pods.xcconfig */;
			buildSettings = {
				ASSETCATALOG_COMPILER_APPICON_NAME = AppIcon;
				ASSETCATALOG_COMPILER_LAUNCHIMAGE_NAME = LaunchImage;
				GCC_PRECOMPILE_PREFIX_HEADER = YES;
				GCC_PREFIX_HEADER = "ourcar/ourcar-Prefix.pch";
				INFOPLIST_FILE = "ourcar/ourcar-Info.plist";
				PRODUCT_NAME = "$(TARGET_NAME)";
				WRAPPER_EXTENSION = app;
			};
			name = Release;
		};
		F7D9159218CDC131004FAD41 /* Debug */ = {
			isa = XCBuildConfiguration;
			buildSettings = {
				ARCHS = "$(ARCHS_STANDARD_INCLUDING_64_BIT)";
				BUNDLE_LOADER = "$(BUILT_PRODUCTS_DIR)/ourcar.app/ourcar";
				FRAMEWORK_SEARCH_PATHS = (
					"$(SDKROOT)/Developer/Library/Frameworks",
					"$(inherited)",
					"$(DEVELOPER_FRAMEWORKS_DIR)",
				);
				GCC_PRECOMPILE_PREFIX_HEADER = YES;
				GCC_PREFIX_HEADER = "ourcar/ourcar-Prefix.pch";
				GCC_PREPROCESSOR_DEFINITIONS = (
					"DEBUG=1",
					"$(inherited)",
				);
				INFOPLIST_FILE = "ourcarTests/ourcarTests-Info.plist";
				PRODUCT_NAME = "$(TARGET_NAME)";
				TEST_HOST = "$(BUNDLE_LOADER)";
				WRAPPER_EXTENSION = xctest;
			};
			name = Debug;
		};
		F7D9159318CDC131004FAD41 /* Release */ = {
			isa = XCBuildConfiguration;
			buildSettings = {
				ARCHS = "$(ARCHS_STANDARD_INCLUDING_64_BIT)";
				BUNDLE_LOADER = "$(BUILT_PRODUCTS_DIR)/ourcar.app/ourcar";
				FRAMEWORK_SEARCH_PATHS = (
					"$(SDKROOT)/Developer/Library/Frameworks",
					"$(inherited)",
					"$(DEVELOPER_FRAMEWORKS_DIR)",
				);
				GCC_PRECOMPILE_PREFIX_HEADER = YES;
				GCC_PREFIX_HEADER = "ourcar/ourcar-Prefix.pch";
				INFOPLIST_FILE = "ourcarTests/ourcarTests-Info.plist";
				PRODUCT_NAME = "$(TARGET_NAME)";
				TEST_HOST = "$(BUNDLE_LOADER)";
				WRAPPER_EXTENSION = xctest;
			};
			name = Release;
		};
/* End XCBuildConfiguration section */

/* Begin XCConfigurationList section */
		F7D9155D18CDC131004FAD41 /* Build configuration list for PBXProject "ourcar" */ = {
			isa = XCConfigurationList;
			buildConfigurations = (
				F7D9158C18CDC131004FAD41 /* Debug */,
				F7D9158D18CDC131004FAD41 /* Release */,
			);
			defaultConfigurationIsVisible = 0;
			defaultConfigurationName = Release;
		};
		F7D9158E18CDC131004FAD41 /* Build configuration list for PBXNativeTarget "ourcar" */ = {
			isa = XCConfigurationList;
			buildConfigurations = (
				F7D9158F18CDC131004FAD41 /* Debug */,
				F7D9159018CDC131004FAD41 /* Release */,
			);
			defaultConfigurationIsVisible = 0;
			defaultConfigurationName = Release;
		};
		F7D9159118CDC131004FAD41 /* Build configuration list for PBXNativeTarget "ourcarTests" */ = {
			isa = XCConfigurationList;
			buildConfigurations = (
				F7D9159218CDC131004FAD41 /* Debug */,
				F7D9159318CDC131004FAD41 /* Release */,
			);
			defaultConfigurationIsVisible = 0;
			defaultConfigurationName = Release;
		};
/* End XCConfigurationList section */
	};
	rootObject = F7D9155A18CDC131004FAD41 /* Project object */;
}
